github.com/dengjiawen8955/go_utils v0.0.0-20210620121912-69d680606c0b h1:cCTMsAxXk2btFRXt5JVsAqB/M/7xueDUZGf8MYSQkQw=
github.com/dengjiawen8955/go_utils v0.0.0-20210620121912-69d680606c0b/go.mod h1:Y+2ra1sNKs/s2ne1wWDw32jtOWlmiOe3NqopUXL0FTE=
github.com/dengjiawen8955/go_utils v0.0.0-20210624124102-694501f61369 h1:7wu6be/ifrXDeKECI+shEkQHb2wvG6m6CpMBYtG84ao=
github.com/dengjiawen8955/go_utils v0.0.0-20210624124102-694501f61369/go.mod h1:Y+2ra1sNKs/s2ne1wWDw32jtOWlmiOe3NqopUXL0FTE=
github.com/dengjiawen8955/go_utils v1.5.0 h1:BlHmL4Zuth3Vf7OhNsISqKsFLBF6Q/Aoonay7uBSxA8=
github.com/dengjiawen8955/go_utils v1.5.0/go.mod h1:Y+2ra1sNKs/s2ne1wWDw32jtOWlmiOe3NqopUXL0FTE=
github.com/fwhezfwhez/errorx v1.1.0 h1:795cMWZFM+thQfKaC5Cjnp/h6naUEbsoQxOb/yvwn0c=
github.com/fwhezfwhez/errorx v1.1.0/go.mod h1:epOraH2nrfmf4JUao5290NFuXw9t6MZnzgwoW5guABE=
github.com/gofrs/uuid v4.0.0+incompatible h1:1SD/1F5pU8p29ybwgQSwpQk+mwdRrXCYuPhW6m+TnJw=
github.com/gofrs/uuid v4.0.0+incompatible/go.mod h1:b2aQJv3Z4Fp6yNu3cdSllBxTCLRxnplIgP/c0N/04lM=
